{
  "name": "test-task-2",
  "lockfileVersion": 3,
  "requires": true,
  "packages": {
    "": {
      "devDependencies": {
        "miragejs": "^0.1.48"
      }
    },
    "node_modules/@miragejs/pretender-node-polyfill": {
      "version": "0.1.2",
      "resolved": "https://registry.npmjs.org/@miragejs/pretender-node-polyfill/-/pretender-node-polyfill-0.1.2.tgz",
      "integrity": "sha512-M/BexG/p05C5lFfMunxo/QcgIJnMT2vDVCd00wNqK2ImZONIlEETZwWJu1QtLxtmYlSHlCFl3JNzp0tLe7OJ5g==",
      "dev": true
    },
    "node_modules/fake-xml-http-request": {
      "version": "2.1.2",
      "resolved": "https://registry.npmjs.org/fake-xml-http-request/-/fake-xml-http-request-2.1.2.tgz",
      "integrity": "sha512-HaFMBi7r+oEC9iJNpc3bvcW7Z7iLmM26hPDmlb0mFwyANSsOQAtJxbdWsXITKOzZUyMYK0zYCv3h5yDj9TsiXg==",
      "dev": true
    },
    "node_modules/inflected": {
      "version": "2.1.0",
      "resolved": "https://registry.npmjs.org/inflected/-/inflected-2.1.0.tgz",
      "integrity": "sha512-hAEKNxvHf2Iq3H60oMBHkB4wl5jn3TPF3+fXek/sRwAB5gP9xWs4r7aweSF95f99HFoz69pnZTcu8f0SIHV18w==",
      "dev": true
    },
    "node_modules/lodash": {
      "version": "4.17.21",
      "resolved": "https://registry.npmjs.org/lodash/-/lodash-4.17.21.tgz",
      "integrity": "sha512-v2kDEe57lecTulaDIuNTPy3Ry4gLGJ6Z1O3vE1krgXZNrsQ+LFTGHVxVjcXPs17LhbZVGedAJv8XZ1tvj5FvSg==",
      "dev": true
    },
    "node_modules/miragejs": {
      "version": "0.1.48",
      "resolved": "https://registry.npmjs.org/miragejs/-/miragejs-0.1.48.tgz",
      "integrity": "sha512-MGZAq0Q3OuRYgZKvlB69z4gLN4G3PvgC4A2zhkCXCXrLD5wm2cCnwNB59xOBVA+srZ0zEes6u+VylcPIkB4SqA==",
      "dev": true,
      "dependencies": {
        "@miragejs/pretender-node-polyfill": "^0.1.0",
        "inflected": "^2.0.4",
        "lodash": "^4.0.0",
        "pretender": "^3.4.7"
      },
      "engines": {
        "node": "6.* || 8.* || >= 10.*"
      }
    },
    "node_modules/pretender": {
      "version": "3.4.7",
      "resolved": "https://registry.npmjs.org/pretender/-/pretender-3.4.7.tgz",
      "integrity": "sha512-jkPAvt1BfRi0RKamweJdEcnjkeu7Es8yix3bJ+KgBC5VpG/Ln4JE3hYN6vJym4qprm8Xo5adhWpm3HCoft1dOw==",
      "dev": true,
      "dependencies": {
        "fake-xml-http-request": "^2.1.2",
        "route-recognizer": "^0.3.3"
      }
    },
    "node_modules/route-recognizer": {
      "version": "0.3.4",
      "resolved": "https://registry.npmjs.org/route-recognizer/-/route-recognizer-0.3.4.tgz",
      "integrity": "sha512-2+MhsfPhvauN1O8KaXpXAOfR/fwe8dnUXVM+xw7yt40lJRfPVQxV6yryZm0cgRvAj5fMF/mdRZbL2ptwbs5i2g==",
      "dev": true
    }
  }
}
